
Microsoft Visual Studio Solution File, Format Version 12.00
# Visual Studio 2013
VisualStudioVersion = 12.0.31101.0
MinimumVisualStudioVersion = 10.0.40219.1
Project("{FAE04EC0-301F-11D3-BF4B-00C04F79EFBC}") = "Narzedziownia", "Narzedziownia\Narzedziownia.csproj", "{6E42DEF5-C7DF-413B-9C06-D6143EA45E8A}"
EndProject
Project("{FAE04EC0-301F-11D3-BF4B-00C04F79EFBC}") = "MyEntityFrameworkClass", "EntityFramework\MyEntityFrameworkClass.csproj", "{ADCBBC5B-135A-4FA1-AAC2-15B7B76CCAB0}"
EndProject
Global
	GlobalSection(SolutionConfigurationPlatforms) = preSolution
		Debug|Any CPU = Debug|Any CPU
		Release|Any CPU = Release|Any CPU
	EndGlobalSection
	GlobalSection(ProjectConfigurationPlatforms) = postSolution
		{6E42DEF5-C7DF-413B-9C06-D6143EA45E8A}.Debug|Any CPU.ActiveCfg = Debug|Any CPU
		{6E42DEF5-C7DF-413B-9C06-D6143EA45E8A}.Debug|Any CPU.Build.0 = Debug|Any CPU
		{6E42DEF5-C7DF-413B-9C06-D6143EA45E8A}.Release|Any CPU.ActiveCfg = Release|Any CPU
		{6E42DEF5-C7DF-413B-9C06-D6143EA45E8A}.Release|Any CPU.Build.0 = Release|Any CPU
		{ADCBBC5B-135A-4FA1-AAC2-15B7B76CCAB0}.Debug|Any CPU.ActiveCfg = Debug|Any CPU
		{ADCBBC5B-135A-4FA1-AAC2-15B7B76CCAB0}.Debug|Any CPU.Build.0 = Debug|Any CPU
		{ADCBBC5B-135A-4FA1-AAC2-15B7B76CCAB0}.Release|Any CPU.ActiveCfg = Release|Any CPU
		{ADCBBC5B-135A-4FA1-AAC2-15B7B76CCAB0}.Release|Any CPU.Build.0 = Release|Any CPU
	EndGlobalSection
	GlobalSection(SolutionProperties) = preSolution
		HideSolutionNode = FALSE
	EndGlobalSection
EndGlobal
